version = 1
revision = 1
requires-python = ">=3.11"

[[package]]
name = "colorama"
version = "0.4.6"
source = { registry = "https://pypi.org/simple" }
sdist = { url = "https://files.pythonhosted.org/packages/d8/53/6f443c9a4a8358a93a6792e2acffb9d9d5cb0a5cfd8802644b7b1c9a02e4/colorama-0.4.6.tar.gz", hash = "sha256:08695f5cb7ed6e0531a20572697297273c47b8cae5a63ffc6d6ed5c201be6e44", size = 27697 }
wheels = [
    { url = "https://files.pythonhosted.org/packages/d1/d6/3965ed04c63042e047cb6a3e6ed1a63a35087b6a609aa3a15ed8ac56c221/colorama-0.4.6-py2.py3-none-any.whl", hash = "sha256:4f1d9991f5acc0ca119f9d443620b77f9d6b33703e51011c16baf57afb285fc6", size = 25335 },
]

[[package]]
name = "iniconfig"
version = "2.1.0"
source = { registry = "https://pypi.org/simple" }
sdist = { url = "https://files.pythonhosted.org/packages/f2/97/ebf4da567aa6827c909642694d71c9fcf53e5b504f2d96afea02718862f3/iniconfig-2.1.0.tar.gz", hash = "sha256:3abbd2e30b36733fee78f9c7f7308f2d0050e88f0087fd25c2645f63c773e1c7", size = 4793 }
wheels = [
    { url = "https://files.pythonhosted.org/packages/2c/e1/e6716421ea10d38022b952c159d5161ca1193197fb744506875fbb87ea7b/iniconfig-2.1.0-py3-none-any.whl", hash = "sha256:9deba5723312380e77435581c6bf4935c94cbfab9b1ed33ef8d238ea168eb760", size = 6050 },
]

[[package]]
name = "ocma-data"
version = "0.7.16a0"
source = { virtual = "." }

[package.dev-dependencies]
dev = [
    { name = "pytest" },
    { name = "ruff" },
]

[package.metadata]

[package.metadata.requires-dev]
dev = [
    { name = "pytest", specifier = ">=8.3.5" },
    { name = "ruff", specifier = ">=0.11.1" },
]

[[package]]
name = "packaging"
version = "25.0"
source = { registry = "https://pypi.org/simple" }
sdist = { url = "https://files.pythonhosted.org/packages/a1/d4/1fc4078c65507b51b96ca8f8c3ba19e6a61c8253c72794544580a7b6c24d/packaging-25.0.tar.gz", hash = "sha256:d443872c98d677bf60f6a1f2f8c1cb748e8fe762d2bf9d3148b5599295b0fc4f", size = 165727 }
wheels = [
    { url = "https://files.pythonhosted.org/packages/20/12/38679034af332785aac8774540895e234f4d07f7545804097de4b666afd8/packaging-25.0-py3-none-any.whl", hash = "sha256:29572ef2b1f17581046b3a2227d5c611fb25ec70ca1ba8554b24b0e69331a484", size = 66469 },
]

[[package]]
name = "pluggy"
version = "1.5.0"
source = { registry = "https://pypi.org/simple" }
sdist = { url = "https://files.pythonhosted.org/packages/96/2d/02d4312c973c6050a18b314a5ad0b3210edb65a906f868e31c111dede4a6/pluggy-1.5.0.tar.gz", hash = "sha256:2cffa88e94fdc978c4c574f15f9e59b7f4201d439195c3715ca9e2486f1d0cf1", size = 67955 }
wheels = [
    { url = "https://files.pythonhosted.org/packages/88/5f/e351af9a41f866ac3f1fac4ca0613908d9a41741cfcf2228f4ad853b697d/pluggy-1.5.0-py3-none-any.whl", hash = "sha256:44e1ad92c8ca002de6377e165f3e0f1be63266ab4d554740532335b9d75ea669", size = 20556 },
]

[[package]]
name = "pytest"
version = "8.3.5"
source = { registry = "https://pypi.org/simple" }
dependencies = [
    { name = "colorama", marker = "sys_platform == 'win32'" },
    { name = "iniconfig" },
    { name = "packaging" },
    { name = "pluggy" },
]
sdist = { url = "https://files.pythonhosted.org/packages/ae/3c/c9d525a414d506893f0cd8a8d0de7706446213181570cdbd766691164e40/pytest-8.3.5.tar.gz", hash = "sha256:f4efe70cc14e511565ac476b57c279e12a855b11f48f212af1080ef2263d3845", size = 1450891 }
wheels = [
    { url = "https://files.pythonhosted.org/packages/30/3d/64ad57c803f1fa1e963a7946b6e0fea4a70df53c1a7fed304586539c2bac/pytest-8.3.5-py3-none-any.whl", hash = "sha256:c69214aa47deac29fad6c2a4f590b9c4a9fdb16a403176fe154b79c0b4d4d820", size = 343634 },
]

[[package]]
name = "ruff"
version = "0.11.1"
source = { registry = "https://pypi.org/simple" }
sdist = { url = "https://files.pythonhosted.org/packages/a0/ab/be73f46695c350147ffbfd98d42f34bfe370e6b4146bb0bfdc5b3c636fc7/ruff-0.11.1.tar.gz", hash = "sha256:f2e209a283c9fa423e268cad015ec4fb249178608f755fb67491ff175ecbffbf", size = 3850423 }
wheels = [
    { url = "https://files.pythonhosted.org/packages/de/09/fa72b32fb7a1f670c8d3cb925910447c496117850c6aa1601365ad11cd00/ruff-0.11.1-py3-none-linux_armv6l.whl", hash = "sha256:9c833671aaefcbe280aa54da387264402ffbb1e513ff3420c9c7265ea56d6c5c", size = 10114855 },
    { url = "https://files.pythonhosted.org/packages/fa/c2/544da7ee0bf0a28117218065ccac69683d8d7a885544e6c84076cf72351b/ruff-0.11.1-py3-none-macosx_10_12_x86_64.whl", hash = "sha256:a5a57cd457764228c73066b832040728b02a3837c53c8a781a960b68129c4e0b", size = 10870287 },
    { url = "https://files.pythonhosted.org/packages/ee/56/0d1c0a3f3ab644e813f365c7eee5d0f9b75e755c5642400cd6ad7070f730/ruff-0.11.1-py3-none-macosx_11_0_arm64.whl", hash = "sha256:da91da0d42e70cd8bda8e6687fab2afd28513a3cc9434539f4149610e63baf8f", size = 10223642 },
    { url = "https://files.pythonhosted.org/packages/d6/7c/88f06c23018ca02b8b0f78b62e4c701faa2ef6413d9f5e82277bc094d2e9/ruff-0.11.1-py3-none-manylinux_2_17_aarch64.manylinux2014_aarch64.whl", hash = "sha256:429a2e533e3a0dba2ba7e0608a736e728150aa9b6d179245aa11a1339baa968b", size = 10384382 },
    { url = "https://files.pythonhosted.org/packages/67/55/15d2a355e4c64a712938df4c650d7239128865981eb8314a49782a53ef45/ruff-0.11.1-py3-none-manylinux_2_17_armv7l.manylinux2014_armv7l.whl", hash = "sha256:6bbcc2984a4d5cbc0f7b10409e74a00a043be45d813e5e81eb58e707455df7f1", size = 9965192 },
    { url = "https://files.pythonhosted.org/packages/39/e8/4312a514fac213e90e5b45120339dbaa95a396f4cf3ab740e757fed4fa35/ruff-0.11.1-py3-none-manylinux_2_17_i686.manylinux2014_i686.whl", hash = "sha256:88d9c283ebc88faa5bc23fa33f399b6d47a93f5980c92edcddf1f2127aa376b3", size = 11563312 },
    { url = "https://files.pythonhosted.org/packages/69/ff/4da09bea58e1d784f45169fd281643422727a1c0776802cd6d4b42a0037d/ruff-0.11.1-py3-none-manylinux_2_17_ppc64.manylinux2014_ppc64.whl", hash = "sha256:1f2b03d504516d6b22065ce7fac2564dac15d79a6a776452dabfdd7673a45b07", size = 12223815 },
    { url = "https://files.pythonhosted.org/packages/ec/ba/7e3550f1478a53c4f7efcb0c31a03256eb032a871026da61324ad06dcd0b/ruff-0.11.1-py3-none-manylinux_2_17_ppc64le.manylinux2014_ppc64le.whl", hash = "sha256:52b95a9071f5ad8552af890bd814c6a04daf5b27297ac1054e3667016f3ab739", size = 11662551 },
    { url = "https://files.pythonhosted.org/packages/7d/69/7e2f1c8a0c76de18f9c054382d31c6d5f9b55a3e476b2630fefe289d31a6/ruff-0.11.1-py3-none-manylinux_2_17_s390x.manylinux2014_s390x.whl", hash = "sha256:28e2d89e7ba8a1525cdb50bc86c07aba35e7bbeef86dad93781b14ad94dc732c", size = 13792940 },
    { url = "https://files.pythonhosted.org/packages/02/4b/14f54bbf8f8dd03cb9a8a0294e7de1dc41f3be1806af07b8a104761db597/ruff-0.11.1-py3-none-manylinux_2_17_x86_64.manylinux2014_x86_64.whl", hash = "sha256:e76be5a98dc6c29d85dfa72eb419e8d9276ee96ccf5c33f2b6828001907dcb17", size = 11328700 },
    { url = "https://files.pythonhosted.org/packages/f5/0c/40c1ba7e9a8c2c7325267c214746b80da1b54fb7e70a9265608213f4b2fb/ruff-0.11.1-py3-none-musllinux_1_2_aarch64.whl", hash = "sha256:441f94c44fe250691c92382ef84f40acef290766fb3e819a9035e83eadd4dbbe", size = 10272650 },
    { url = "https://files.pythonhosted.org/packages/a3/27/f86b786e0153c5b52768370f395086c4523dee1af37757a8ef73779b9fbd/ruff-0.11.1-py3-none-musllinux_1_2_armv7l.whl", hash = "sha256:62882a4cc7c0a48c2f34189bd4c7ba45f3d0efb990e02413eeb180aa042a39ca", size = 9973454 },
    { url = "https://files.pythonhosted.org/packages/ab/46/47bf0c7ee80b0476226865d724ee7682323a2cb20aa5d134b8a665f58793/ruff-0.11.1-py3-none-musllinux_1_2_i686.whl", hash = "sha256:111dbad1706d8200a7138237b4766b45ba7ee45cc8299c02102f4327624f86a2", size = 10975303 },
    { url = "https://files.pythonhosted.org/packages/9d/9d/deea8ece99f31aef07f378f83b5571baca74dff0d28fec720e54b171b862/ruff-0.11.1-py3-none-musllinux_1_2_x86_64.whl", hash = "sha256:e2df41763d7a9fd438b6b7bde7b75eb3a92ef2f4682ed2d8e4b997b5f0c76ca9", size = 11402605 },
    { url = "https://files.pythonhosted.org/packages/b8/8c/f11e21f4a5ce0858c35745d43e9a5abd870ed33e151ada23c124bf433e71/ruff-0.11.1-py3-none-win32.whl", hash = "sha256:e17b85919d461583aa7e0171bb4f419a6545b261ca080984db49b1f8dced1d4b", size = 10335500 },
    { url = "https://files.pythonhosted.org/packages/21/c9/ac2784bad48c7a8702d2f13851b69b2a08534b59657ee2b724f42aaaf861/ruff-0.11.1-py3-none-win_amd64.whl", hash = "sha256:caa872941b876f7ad73abc60144f9a7f6efb575e4f91c4fc1517f0339bcea01e", size = 11365097 },
    { url = "https://files.pythonhosted.org/packages/9e/7d/f37251c102cf155cdf664322f1f362f4fd8fe1eb6870e9154255d3cbf0d8/ruff-0.11.1-py3-none-win_arm64.whl", hash = "sha256:7aa939fa57ef6770d18bd5cf0d6de77198dd762a559bd0d4a8763bdae4c8cc16", size = 10510306 },
]
